<?xml version="1.0" encoding="utf-8"?>
<Project ToolsVersion="4.0" xmlns="http://schemas.microsoft.com/developer/msbuild/2003">
  <ItemGroup>
    <Filter Include="Source Files">
      <UniqueIdentifier>{4FC737F1-C7A5-4376-A066-2A32D752A2FF}</UniqueIdentifier>
      <Extensions>cpp;c;cc;cxx;def;odl;idl;hpj;bat;asm;asmx</Extensions>
    </Filter>
    <Filter Include="Header Files">
      <UniqueIdentifier>{93995380-89BD-4b04-88EB-625FBE52EBFB}</UniqueIdentifier>
      <Extensions>h;hh;hpp;hxx;hm;inl;inc;xsd</Extensions>
    </Filter>
    <Filter Include="Resource Files">
      <UniqueIdentifier>{67DA6AB6-F800-4c08-8B7A-83BB121AAD01}</UniqueIdentifier>
      <Extensions>rc;ico;cur;bmp;dlg;rc2;rct;bin;rgs;gif;jpg;jpeg;jpe;resx;tiff;tif;png;wav;mfcribbon-ms</Extensions>
    </Filter>
    <Filter Include="Header Files\DynamicLibrary">
      <UniqueIdentifier>{0d4b09b0-ffa7-4904-a59c-1049f150f1e7}</UniqueIdentifier>
    </Filter>
    <Filter Include="Source Files\DynamicLibrary">
      <UniqueIdentifier>{8bedcc36-ebff-406f-8dad-bae33016afcf}</UniqueIdentifier>
    </Filter>
    <Filter Include="Header Files\DynamicLibrary\Windows">
      <UniqueIdentifier>{b6b2f3a8-053e-4a10-bb7e-34b2eb3f5aa6}</UniqueIdentifier>
    </Filter>
    <Filter Include="Source Files\DynamicLibrary\Windows">
      <UniqueIdentifier>{654d2d6b-fa97-46fa-9c8e-4118f8592e19}</UniqueIdentifier>
    </Filter>
  </ItemGroup>
  <ItemGroup>
    <ClCompile Include="main.cpp">
      <Filter>Source Files</Filter>
    </ClCompile>
    <ClCompile Include="..\..\..\..\Include\DynamicLibrary\DynamicLibrary.cpp">
      <Filter>Source Files\DynamicLibrary</Filter>
    </ClCompile>
    <ClCompile Include="..\..\..\..\Source\DynamicLibrary\Windows\WindowsDynamicLibrary.cpp">
      <Filter>Source Files\DynamicLibrary\Windows</Filter>
    </ClCompile>
    <ClCompile Include="..\..\..\..\Source\DynamicLibrary\PlatformDynamicLibraryExtensions.cpp">
      <Filter>Source Files\DynamicLibrary</Filter>
    </ClCompile>
  </ItemGroup>
  <ItemGroup>
    <ClInclude Include="..\..\..\..\Include\PlatformIncludes.h">
      <Filter>Header Files</Filter>
    </ClInclude>
    <ClInclude Include="..\..\..\..\Include\PlatformDefines.h">
      <Filter>Header Files</Filter>
    </ClInclude>
    <ClInclude Include="..\..\..\..\Include\DynamicLibrary\DynamicLibrary.h">
      <Filter>Header Files\DynamicLibrary</Filter>
    </ClInclude>
    <ClInclude Include="..\..\..\..\Include\DynamicLibrary\DynamicLibraryTemplate.h">
      <Filter>Header Files\DynamicLibrary</Filter>
    </ClInclude>
    <ClInclude Include="..\..\..\..\Include\DynamicLibrary\Windows\WindowsDynamicLibrary.h">
      <Filter>Header Files\DynamicLibrary\Windows</Filter>
    </ClInclude>
    <ClInclude Include="..\..\..\..\Include\DynamicLibrary\PlatformDynamicLibraryExtensions.h">
      <Filter>Header Files\DynamicLibrary</Filter>
    </ClInclude>
  </ItemGroup>
  <ItemGroup>
    <None Include="..\..\..\..\Include\DynamicLibrary\DynamicLibraryTemplate.inl">
      <Filter>Header Files\DynamicLibrary</Filter>
    </None>
    <None Include="..\..\..\..\Include\DynamicLibrary\Windows\WindowsDynamicLibrary.inl">
      <Filter>Header Files\DynamicLibrary\Windows</Filter>
    </None>
  </ItemGroup>
</Project>